
Microsoft Visual Studio Solution File, Format Version 12.00
# Visual Studio Version 16
VisualStudioVersion = 16.0.29411.138
MinimumVisualStudioVersion = 10.0.40219.1
Project("{FAE04EC0-301F-11D3-BF4B-00C04F79EFBC}") = "BookRezervation", "BookRezervation.csproj", "{7D43E717-F951-4710-8F22-C74156FC2611}"
EndProject
Global
	GlobalSection(SolutionConfigurationPlatforms) = preSolution
		Debug|Any CPU = Debug|Any CPU
		Release|Any CPU = Release|Any CPU
	EndGlobalSection
	GlobalSection(ProjectConfigurationPlatforms) = postSolution
		{7D43E717-F951-4710-8F22-C74156FC2611}.Debug|Any CPU.ActiveCfg = Debug|Any CPU
		{7D43E717-F951-4710-8F22-C74156FC2611}.Debug|Any CPU.Build.0 = Debug|Any CPU
		{7D43E717-F951-4710-8F22-C74156FC2611}.Release|Any CPU.ActiveCfg = Release|Any CPU
		{7D43E717-F951-4710-8F22-C74156FC2611}.Release|Any CPU.Build.0 = Release|Any CPU
	EndGlobalSection
	GlobalSection(SolutionProperties) = preSolution
		HideSolutionNode = FALSE
	EndGlobalSection
	GlobalSection(ExtensibilityGlobals) = postSolution
		SolutionGuid = {A790E9E0-01FE-4EAB-9111-206EB7794751}
	EndGlobalSection
EndGlobal
